
Microsoft Visual Studio Solution File, Format Version 12.00
# Visual Studio Version 16
VisualStudioVersion = 16.0.33927.289
MinimumVisualStudioVersion = 10.0.40219.1
Project("{2150E333-8FDC-42A3-9474-1A3956D46DE8}") = "Task0", "Task0", "{A2FC3907-9DA2-43FE-ACE5-FCB8DE47A56A}"
EndProject
Project("{FAE04EC0-301F-11D3-BF4B-00C04F79EFBC}") = "Tyuiu.SheludkovAA.Sprint0.Task0.V0", "Tyuiu.SheludkovAA.Sprint0.Task0.V0\Tyuiu.SheludkovAA.Sprint0.Task0.V0.csproj", "{05F7378E-28A0-45F5-84E6-8422DFADEA63}"
EndProject
Project("{2150E333-8FDC-42A3-9474-1A3956D46DE8}") = "Task1", "Task1", "{F43A37B0-A143-47B9-ABB3-0736BD380918}"
EndProject
Project("{FAE04EC0-301F-11D3-BF4B-00C04F79EFBC}") = "Tyuiu.SheludkovAA.Sprint0.Task1.V0", "Tyuiu.SheludkovAA.Sprint0.Task1.V0\Tyuiu.SheludkovAA.Sprint0.Task1.V0.csproj", "{ED187710-C34E-45CA-B912-65E3AF4C12BB}"
EndProject
Project("{2150E333-8FDC-42A3-9474-1A3956D46DE8}") = "Task2", "Task2", "{62271010-F552-47F1-8A41-B27258570F46}"
EndProject
Project("{FAE04EC0-301F-11D3-BF4B-00C04F79EFBC}") = "Tyuiu.SheludkovAA.Sprint0.Task2.V0", "Tyuiu.SheludkovAA.Sprint0.Task2.V0\Tyuiu.SheludkovAA.Sprint0.Task2.V0.csproj", "{EDD40B83-64D5-4BD2-AE07-8FCCA9551245}"
EndProject
Project("{FAE04EC0-301F-11D3-BF4B-00C04F79EFBC}") = "Tyuiu.SheludkovAA.Sprint0.Task2.V0.Lib", "Tyuiu.SheludkovAA.Sprint0.Task2.V0.Lib\Tyuiu.SheludkovAA.Sprint0.Task2.V0.Lib.csproj", "{7F5AB997-A793-4B2C-A332-D6F30B1958A4}"
EndProject
Project("{FAE04EC0-301F-11D3-BF4B-00C04F79EFBC}") = "Tyuiu.SheludkovAA.Sprint0.Task2.V0.Test", "Tyuiu.SheludkovAA.Sprint0.Task2.V0.Test\Tyuiu.SheludkovAA.Sprint0.Task2.V0.Test.csproj", "{BC705506-301E-4149-939C-7807FAC5F16F}"
EndProject
Global
	GlobalSection(SolutionConfigurationPlatforms) = preSolution
		Debug|Any CPU = Debug|Any CPU
		Release|Any CPU = Release|Any CPU
	EndGlobalSection
	GlobalSection(ProjectConfigurationPlatforms) = postSolution
		{05F7378E-28A0-45F5-84E6-8422DFADEA63}.Debug|Any CPU.ActiveCfg = Debug|Any CPU
		{05F7378E-28A0-45F5-84E6-8422DFADEA63}.Debug|Any CPU.Build.0 = Debug|Any CPU
		{05F7378E-28A0-45F5-84E6-8422DFADEA63}.Release|Any CPU.ActiveCfg = Release|Any CPU
		{05F7378E-28A0-45F5-84E6-8422DFADEA63}.Release|Any CPU.Build.0 = Release|Any CPU
		{ED187710-C34E-45CA-B912-65E3AF4C12BB}.Debug|Any CPU.ActiveCfg = Debug|Any CPU
		{ED187710-C34E-45CA-B912-65E3AF4C12BB}.Debug|Any CPU.Build.0 = Debug|Any CPU
		{ED187710-C34E-45CA-B912-65E3AF4C12BB}.Release|Any CPU.ActiveCfg = Release|Any CPU
		{ED187710-C34E-45CA-B912-65E3AF4C12BB}.Release|Any CPU.Build.0 = Release|Any CPU
		{EDD40B83-64D5-4BD2-AE07-8FCCA9551245}.Debug|Any CPU.ActiveCfg = Debug|Any CPU
		{EDD40B83-64D5-4BD2-AE07-8FCCA9551245}.Debug|Any CPU.Build.0 = Debug|Any CPU
		{EDD40B83-64D5-4BD2-AE07-8FCCA9551245}.Release|Any CPU.ActiveCfg = Release|Any CPU
		{EDD40B83-64D5-4BD2-AE07-8FCCA9551245}.Release|Any CPU.Build.0 = Release|Any CPU
		{7F5AB997-A793-4B2C-A332-D6F30B1958A4}.Debug|Any CPU.ActiveCfg = Debug|Any CPU
		{7F5AB997-A793-4B2C-A332-D6F30B1958A4}.Debug|Any CPU.Build.0 = Debug|Any CPU
		{7F5AB997-A793-4B2C-A332-D6F30B1958A4}.Release|Any CPU.ActiveCfg = Release|Any CPU
		{7F5AB997-A793-4B2C-A332-D6F30B1958A4}.Release|Any CPU.Build.0 = Release|Any CPU
		{BC705506-301E-4149-939C-7807FAC5F16F}.Debug|Any CPU.ActiveCfg = Debug|Any CPU
		{BC705506-301E-4149-939C-7807FAC5F16F}.Debug|Any CPU.Build.0 = Debug|Any CPU
		{BC705506-301E-4149-939C-7807FAC5F16F}.Release|Any CPU.ActiveCfg = Release|Any CPU
		{BC705506-301E-4149-939C-7807FAC5F16F}.Release|Any CPU.Build.0 = Release|Any CPU
	EndGlobalSection
	GlobalSection(SolutionProperties) = preSolution
		HideSolutionNode = FALSE
	EndGlobalSection
	GlobalSection(NestedProjects) = preSolution
		{05F7378E-28A0-45F5-84E6-8422DFADEA63} = {A2FC3907-9DA2-43FE-ACE5-FCB8DE47A56A}
		{ED187710-C34E-45CA-B912-65E3AF4C12BB} = {F43A37B0-A143-47B9-ABB3-0736BD380918}
		{EDD40B83-64D5-4BD2-AE07-8FCCA9551245} = {62271010-F552-47F1-8A41-B27258570F46}
		{7F5AB997-A793-4B2C-A332-D6F30B1958A4} = {62271010-F552-47F1-8A41-B27258570F46}
		{BC705506-301E-4149-939C-7807FAC5F16F} = {62271010-F552-47F1-8A41-B27258570F46}
	EndGlobalSection
	GlobalSection(ExtensibilityGlobals) = postSolution
		SolutionGuid = {3E2F1B45-D789-44B9-8775-9BAD6EA162DE}
	EndGlobalSection
EndGlobal
