
Microsoft Visual Studio Solution File, Format Version 12.00
# Visual Studio Version 16
VisualStudioVersion = 16.0.33927.289
MinimumVisualStudioVersion = 10.0.40219.1
Project("{2150E333-8FDC-42A3-9474-1A3956D46DE8}") = "Task0", "Task0", "{A2FC3907-9DA2-43FE-ACE5-FCB8DE47A56A}"
EndProject
Project("{FAE04EC0-301F-11D3-BF4B-00C04F79EFBC}") = "Tyuiu.SheludkovAA.Sprint0.Task0.V0", "Tyuiu.SheludkovAA.Sprint0.Task0.V0\Tyuiu.SheludkovAA.Sprint0.Task0.V0.csproj", "{05F7378E-28A0-45F5-84E6-8422DFADEA63}"
EndProject
Project("{2150E333-8FDC-42A3-9474-1A3956D46DE8}") = "Task1", "Task1", "{F43A37B0-A143-47B9-ABB3-0736BD380918}"
EndProject
Project("{FAE04EC0-301F-11D3-BF4B-00C04F79EFBC}") = "Tyuiu.SheludkovAA.Sprint0.Task1.V0", "Tyuiu.SheludkovAA.Sprint0.Task1.V0\Tyuiu.SheludkovAA.Sprint0.Task1.V0.csproj", "{ED187710-C34E-45CA-B912-65E3AF4C12BB}"
EndProject
Project("{2150E333-8FDC-42A3-9474-1A3956D46DE8}") = "Task2", "Task2", "{62271010-F552-47F1-8A41-B27258570F46}"
EndProject
Project("{FAE04EC0-301F-11D3-BF4B-00C04F79EFBC}") = "Tyuiu.SheludkovAA.Sprint0.Task2.V0", "Tyuiu.SheludkovAA.Sprint0.Task2.V0\Tyuiu.SheludkovAA.Sprint0.Task2.V0.csproj", "{EDD40B83-64D5-4BD2-AE07-8FCCA9551245}"
EndProject
Project("{FAE04EC0-301F-11D3-BF4B-00C04F79EFBC}") = "Tyuiu.SheludkovAA.Sprint0.Task2.V0.Lib", "Tyuiu.SheludkovAA.Sprint0.Task2.V0.Lib\Tyuiu.SheludkovAA.Sprint0.Task2.V0.Lib.csproj", "{7F5AB997-A793-4B2C-A332-D6F30B1958A4}"
EndProject
Project("{FAE04EC0-301F-11D3-BF4B-00C04F79EFBC}") = "Tyuiu.SheludkovAA.Sprint0.Task2.V0.Test", "Tyuiu.SheludkovAA.Sprint0.Task2.V0.Test\Tyuiu.SheludkovAA.Sprint0.Task2.V0.Test.csproj", "{BC705506-301E-4149-939C-7807FAC5F16F}"
EndProject
Project("{2150E333-8FDC-42A3-9474-1A3956D46DE8}") = "Task3", "Task3", "{FF08D4B4-552D-48DB-A7C0-F2915D8C8DDC}"
EndProject
Project("{FAE04EC0-301F-11D3-BF4B-00C04F79EFBC}") = "Tyuiu.SheludkovAA.Sprint0.Task3.V0", "Tyuiu.SheludkovAA.Sprint0.Task3.V0\Tyuiu.SheludkovAA.Sprint0.Task3.V0.csproj", "{8AA20D39-5521-4A97-8BE7-E633A793E775}"
EndProject
Project("{FAE04EC0-301F-11D3-BF4B-00C04F79EFBC}") = "Tyuiu.SheludkovAA.Sprint0.Task3.V0.Test", "Tyuiu.SheludkovAA.Sprint0.Task3.V0.Test\Tyuiu.SheludkovAA.Sprint0.Task3.V0.Test.csproj", "{53AD429F-5025-4122-8638-EF5EB757982B}"
EndProject
Project("{FAE04EC0-301F-11D3-BF4B-00C04F79EFBC}") = "Tyuiu.SheludkovAA.Sprint0.Task3.V0.Lib", "Tyuiu.SheludkovAA.Sprint0.Task3.V0.Lib\Tyuiu.SheludkovAA.Sprint0.Task3.V0.Lib.csproj", "{95217DAA-BA57-4043-815E-93AE2DD3154C}"
EndProject
Project("{2150E333-8FDC-42A3-9474-1A3956D46DE8}") = "Task4", "Task4", "{25FA3B7B-2AAB-4514-A64D-37675DFD0D1E}"
EndProject
Project("{FAE04EC0-301F-11D3-BF4B-00C04F79EFBC}") = "Tyuiu.SheludkovAA.Sprint0.Task4.V0", "Tyuiu.SheludkovAA.Sprint0.Task4.V0\Tyuiu.SheludkovAA.Sprint0.Task4.V0.csproj", "{2AE85A7A-7314-4EBA-9B9E-FA2FD736FFFF}"
EndProject
Project("{FAE04EC0-301F-11D3-BF4B-00C04F79EFBC}") = "Tyuiu.SheludkovAA.Sprint0.Task4.V0.Lib", "Tyuiu.SheludkovAA.Sprint0.Task4.V0.Lib\Tyuiu.SheludkovAA.Sprint0.Task4.V0.Lib.csproj", "{065E477C-9A88-4870-A3A0-61854DC67730}"
EndProject
Project("{FAE04EC0-301F-11D3-BF4B-00C04F79EFBC}") = "Tyuiu.SheludkovAA.Sprint0.Task4.Test", "Tyuiu.SheludkovAA.Sprint0.Task4.Test\Tyuiu.SheludkovAA.Sprint0.Task4.Test.csproj", "{AC68AEAF-7793-4DDA-902C-CBCFB41775A3}"
EndProject
Project("{2150E333-8FDC-42A3-9474-1A3956D46DE8}") = "Task5", "Task5", "{C714C6CF-F3F8-4727-AB3C-C1BEDCC7E160}"
EndProject
Project("{FAE04EC0-301F-11D3-BF4B-00C04F79EFBC}") = "Tyuiu.SheludkovAA.Sprint0.Task5.V0", "Tyuiu.SheludkovAA.Sprint0.Task5.V0\Tyuiu.SheludkovAA.Sprint0.Task5.V0.csproj", "{913DDEF6-BF74-42B9-8EE1-B61019A625D7}"
EndProject
Project("{FAE04EC0-301F-11D3-BF4B-00C04F79EFBC}") = "Tyuiu.SheludkovAA.Sprint0.Task5.V0.Test", "Tyuiu.SheludkovAA.Sprint0.Task5.V0.Test\Tyuiu.SheludkovAA.Sprint0.Task5.V0.Test.csproj", "{0471B79A-4A78-4335-BE67-9383C4E95853}"
EndProject
Project("{FAE04EC0-301F-11D3-BF4B-00C04F79EFBC}") = "Tyuiu.SheludkovAA.Sprint0.Task5.V0.Lib", "Tyuiu.SheludkovAA.Sprint0.Task5.V0.Lib\Tyuiu.SheludkovAA.Sprint0.Task5.V0.Lib.csproj", "{4C9E686E-10AD-4404-BE69-C3D098C36DE9}"
EndProject
Project("{2150E333-8FDC-42A3-9474-1A3956D46DE8}") = "Task6", "Task6", "{12EC73E0-BCD4-4396-9B9F-3B017866F00F}"
EndProject
Project("{FAE04EC0-301F-11D3-BF4B-00C04F79EFBC}") = "Tyuiu.SheludkovAA.Sprint0.Task6.V0", "Tyuiu.SheludkovAA.Sprint0.Task6.V0\Tyuiu.SheludkovAA.Sprint0.Task6.V0.csproj", "{9C3CD739-FF04-4188-904B-694F171C6C3D}"
EndProject
Project("{FAE04EC0-301F-11D3-BF4B-00C04F79EFBC}") = "Tyuiu.SheludkovAA.Sprint0.Task6.V0.Lib", "Tyuiu.SheludkovAA.Sprint0.Task6.V0.Lib\Tyuiu.SheludkovAA.Sprint0.Task6.V0.Lib.csproj", "{EF69B8A4-F6F8-4CD2-8D67-4BC750F2C234}"
EndProject
Project("{FAE04EC0-301F-11D3-BF4B-00C04F79EFBC}") = "Tyuiu.SheludkovAA.Sprint0.Task6.V0.Test", "Tyuiu.SheludkovAA.Sprint0.Task6.V0.Test\Tyuiu.SheludkovAA.Sprint0.Task6.V0.Test.csproj", "{E0341AF8-5E78-4656-93DE-FB678FD2534F}"
EndProject
Project("{2150E333-8FDC-42A3-9474-1A3956D46DE8}") = "Task7", "Task7", "{0916FEEF-710A-44DA-800D-E6AAB0C87968}"
EndProject
Project("{FAE04EC0-301F-11D3-BF4B-00C04F79EFBC}") = "Tyuiu.SheludkovAA.Sprint0.Task7.V0", "Tyuiu.SheludkovAA.Sprint0.Task7.V0\Tyuiu.SheludkovAA.Sprint0.Task7.V0.csproj", "{A2981EF4-F00A-4D34-852B-06293D8FC65E}"
EndProject
Project("{FAE04EC0-301F-11D3-BF4B-00C04F79EFBC}") = "Tyuiu.SheludkovAA.Sprint0.Task7.V0.Lib", "Tyuiu.SheludkovAA.Sprint0.Task7.V0.Lib\Tyuiu.SheludkovAA.Sprint0.Task7.V0.Lib.csproj", "{EB031020-578C-4082-AB57-911CB9D3AAE5}"
EndProject
Project("{FAE04EC0-301F-11D3-BF4B-00C04F79EFBC}") = "Tyuiu.SheludkovAA.Sprint0.Task7.V0.Test", "Tyuiu.SheludkovAA.Sprint0.Task7.V0.Test\Tyuiu.SheludkovAA.Sprint0.Task7.V0.Test.csproj", "{C618E817-7E71-4331-8662-5508A93CE6D5}"
EndProject
Global
	GlobalSection(SolutionConfigurationPlatforms) = preSolution
		Debug|Any CPU = Debug|Any CPU
		Release|Any CPU = Release|Any CPU
	EndGlobalSection
	GlobalSection(ProjectConfigurationPlatforms) = postSolution
		{05F7378E-28A0-45F5-84E6-8422DFADEA63}.Debug|Any CPU.ActiveCfg = Debug|Any CPU
		{05F7378E-28A0-45F5-84E6-8422DFADEA63}.Debug|Any CPU.Build.0 = Debug|Any CPU
		{05F7378E-28A0-45F5-84E6-8422DFADEA63}.Release|Any CPU.ActiveCfg = Release|Any CPU
		{05F7378E-28A0-45F5-84E6-8422DFADEA63}.Release|Any CPU.Build.0 = Release|Any CPU
		{ED187710-C34E-45CA-B912-65E3AF4C12BB}.Debug|Any CPU.ActiveCfg = Debug|Any CPU
		{ED187710-C34E-45CA-B912-65E3AF4C12BB}.Debug|Any CPU.Build.0 = Debug|Any CPU
		{ED187710-C34E-45CA-B912-65E3AF4C12BB}.Release|Any CPU.ActiveCfg = Release|Any CPU
		{ED187710-C34E-45CA-B912-65E3AF4C12BB}.Release|Any CPU.Build.0 = Release|Any CPU
		{EDD40B83-64D5-4BD2-AE07-8FCCA9551245}.Debug|Any CPU.ActiveCfg = Debug|Any CPU
		{EDD40B83-64D5-4BD2-AE07-8FCCA9551245}.Debug|Any CPU.Build.0 = Debug|Any CPU
		{EDD40B83-64D5-4BD2-AE07-8FCCA9551245}.Release|Any CPU.ActiveCfg = Release|Any CPU
		{EDD40B83-64D5-4BD2-AE07-8FCCA9551245}.Release|Any CPU.Build.0 = Release|Any CPU
		{7F5AB997-A793-4B2C-A332-D6F30B1958A4}.Debug|Any CPU.ActiveCfg = Debug|Any CPU
		{7F5AB997-A793-4B2C-A332-D6F30B1958A4}.Debug|Any CPU.Build.0 = Debug|Any CPU
		{7F5AB997-A793-4B2C-A332-D6F30B1958A4}.Release|Any CPU.ActiveCfg = Release|Any CPU
		{7F5AB997-A793-4B2C-A332-D6F30B1958A4}.Release|Any CPU.Build.0 = Release|Any CPU
		{BC705506-301E-4149-939C-7807FAC5F16F}.Debug|Any CPU.ActiveCfg = Debug|Any CPU
		{BC705506-301E-4149-939C-7807FAC5F16F}.Debug|Any CPU.Build.0 = Debug|Any CPU
		{BC705506-301E-4149-939C-7807FAC5F16F}.Release|Any CPU.ActiveCfg = Release|Any CPU
		{BC705506-301E-4149-939C-7807FAC5F16F}.Release|Any CPU.Build.0 = Release|Any CPU
		{8AA20D39-5521-4A97-8BE7-E633A793E775}.Debug|Any CPU.ActiveCfg = Debug|Any CPU
		{8AA20D39-5521-4A97-8BE7-E633A793E775}.Debug|Any CPU.Build.0 = Debug|Any CPU
		{8AA20D39-5521-4A97-8BE7-E633A793E775}.Release|Any CPU.ActiveCfg = Release|Any CPU
		{8AA20D39-5521-4A97-8BE7-E633A793E775}.Release|Any CPU.Build.0 = Release|Any CPU
		{53AD429F-5025-4122-8638-EF5EB757982B}.Debug|Any CPU.ActiveCfg = Debug|Any CPU
		{53AD429F-5025-4122-8638-EF5EB757982B}.Debug|Any CPU.Build.0 = Debug|Any CPU
		{53AD429F-5025-4122-8638-EF5EB757982B}.Release|Any CPU.ActiveCfg = Release|Any CPU
		{53AD429F-5025-4122-8638-EF5EB757982B}.Release|Any CPU.Build.0 = Release|Any CPU
		{95217DAA-BA57-4043-815E-93AE2DD3154C}.Debug|Any CPU.ActiveCfg = Debug|Any CPU
		{95217DAA-BA57-4043-815E-93AE2DD3154C}.Debug|Any CPU.Build.0 = Debug|Any CPU
		{95217DAA-BA57-4043-815E-93AE2DD3154C}.Release|Any CPU.ActiveCfg = Release|Any CPU
		{95217DAA-BA57-4043-815E-93AE2DD3154C}.Release|Any CPU.Build.0 = Release|Any CPU
		{2AE85A7A-7314-4EBA-9B9E-FA2FD736FFFF}.Debug|Any CPU.ActiveCfg = Debug|Any CPU
		{2AE85A7A-7314-4EBA-9B9E-FA2FD736FFFF}.Debug|Any CPU.Build.0 = Debug|Any CPU
		{2AE85A7A-7314-4EBA-9B9E-FA2FD736FFFF}.Release|Any CPU.ActiveCfg = Release|Any CPU
		{2AE85A7A-7314-4EBA-9B9E-FA2FD736FFFF}.Release|Any CPU.Build.0 = Release|Any CPU
		{065E477C-9A88-4870-A3A0-61854DC67730}.Debug|Any CPU.ActiveCfg = Debug|Any CPU
		{065E477C-9A88-4870-A3A0-61854DC67730}.Debug|Any CPU.Build.0 = Debug|Any CPU
		{065E477C-9A88-4870-A3A0-61854DC67730}.Release|Any CPU.ActiveCfg = Release|Any CPU
		{065E477C-9A88-4870-A3A0-61854DC67730}.Release|Any CPU.Build.0 = Release|Any CPU
		{AC68AEAF-7793-4DDA-902C-CBCFB41775A3}.Debug|Any CPU.ActiveCfg = Debug|Any CPU
		{AC68AEAF-7793-4DDA-902C-CBCFB41775A3}.Debug|Any CPU.Build.0 = Debug|Any CPU
		{AC68AEAF-7793-4DDA-902C-CBCFB41775A3}.Release|Any CPU.ActiveCfg = Release|Any CPU
		{AC68AEAF-7793-4DDA-902C-CBCFB41775A3}.Release|Any CPU.Build.0 = Release|Any CPU
		{913DDEF6-BF74-42B9-8EE1-B61019A625D7}.Debug|Any CPU.ActiveCfg = Debug|Any CPU
		{913DDEF6-BF74-42B9-8EE1-B61019A625D7}.Debug|Any CPU.Build.0 = Debug|Any CPU
		{913DDEF6-BF74-42B9-8EE1-B61019A625D7}.Release|Any CPU.ActiveCfg = Release|Any CPU
		{913DDEF6-BF74-42B9-8EE1-B61019A625D7}.Release|Any CPU.Build.0 = Release|Any CPU
		{0471B79A-4A78-4335-BE67-9383C4E95853}.Debug|Any CPU.ActiveCfg = Debug|Any CPU
		{0471B79A-4A78-4335-BE67-9383C4E95853}.Debug|Any CPU.Build.0 = Debug|Any CPU
		{0471B79A-4A78-4335-BE67-9383C4E95853}.Release|Any CPU.ActiveCfg = Release|Any CPU
		{0471B79A-4A78-4335-BE67-9383C4E95853}.Release|Any CPU.Build.0 = Release|Any CPU
		{4C9E686E-10AD-4404-BE69-C3D098C36DE9}.Debug|Any CPU.ActiveCfg = Debug|Any CPU
		{4C9E686E-10AD-4404-BE69-C3D098C36DE9}.Debug|Any CPU.Build.0 = Debug|Any CPU
		{4C9E686E-10AD-4404-BE69-C3D098C36DE9}.Release|Any CPU.ActiveCfg = Release|Any CPU
		{4C9E686E-10AD-4404-BE69-C3D098C36DE9}.Release|Any CPU.Build.0 = Release|Any CPU
		{9C3CD739-FF04-4188-904B-694F171C6C3D}.Debug|Any CPU.ActiveCfg = Debug|Any CPU
		{9C3CD739-FF04-4188-904B-694F171C6C3D}.Debug|Any CPU.Build.0 = Debug|Any CPU
		{9C3CD739-FF04-4188-904B-694F171C6C3D}.Release|Any CPU.ActiveCfg = Release|Any CPU
		{9C3CD739-FF04-4188-904B-694F171C6C3D}.Release|Any CPU.Build.0 = Release|Any CPU
		{EF69B8A4-F6F8-4CD2-8D67-4BC750F2C234}.Debug|Any CPU.ActiveCfg = Debug|Any CPU
		{EF69B8A4-F6F8-4CD2-8D67-4BC750F2C234}.Debug|Any CPU.Build.0 = Debug|Any CPU
		{EF69B8A4-F6F8-4CD2-8D67-4BC750F2C234}.Release|Any CPU.ActiveCfg = Release|Any CPU
		{EF69B8A4-F6F8-4CD2-8D67-4BC750F2C234}.Release|Any CPU.Build.0 = Release|Any CPU
		{E0341AF8-5E78-4656-93DE-FB678FD2534F}.Debug|Any CPU.ActiveCfg = Debug|Any CPU
		{E0341AF8-5E78-4656-93DE-FB678FD2534F}.Debug|Any CPU.Build.0 = Debug|Any CPU
		{E0341AF8-5E78-4656-93DE-FB678FD2534F}.Release|Any CPU.ActiveCfg = Release|Any CPU
		{E0341AF8-5E78-4656-93DE-FB678FD2534F}.Release|Any CPU.Build.0 = Release|Any CPU
		{A2981EF4-F00A-4D34-852B-06293D8FC65E}.Debug|Any CPU.ActiveCfg = Debug|Any CPU
		{A2981EF4-F00A-4D34-852B-06293D8FC65E}.Debug|Any CPU.Build.0 = Debug|Any CPU
		{A2981EF4-F00A-4D34-852B-06293D8FC65E}.Release|Any CPU.ActiveCfg = Release|Any CPU
		{A2981EF4-F00A-4D34-852B-06293D8FC65E}.Release|Any CPU.Build.0 = Release|Any CPU
		{EB031020-578C-4082-AB57-911CB9D3AAE5}.Debug|Any CPU.ActiveCfg = Debug|Any CPU
		{EB031020-578C-4082-AB57-911CB9D3AAE5}.Debug|Any CPU.Build.0 = Debug|Any CPU
		{EB031020-578C-4082-AB57-911CB9D3AAE5}.Release|Any CPU.ActiveCfg = Release|Any CPU
		{EB031020-578C-4082-AB57-911CB9D3AAE5}.Release|Any CPU.Build.0 = Release|Any CPU
		{C618E817-7E71-4331-8662-5508A93CE6D5}.Debug|Any CPU.ActiveCfg = Debug|Any CPU
		{C618E817-7E71-4331-8662-5508A93CE6D5}.Debug|Any CPU.Build.0 = Debug|Any CPU
		{C618E817-7E71-4331-8662-5508A93CE6D5}.Release|Any CPU.ActiveCfg = Release|Any CPU
		{C618E817-7E71-4331-8662-5508A93CE6D5}.Release|Any CPU.Build.0 = Release|Any CPU
	EndGlobalSection
	GlobalSection(SolutionProperties) = preSolution
		HideSolutionNode = FALSE
	EndGlobalSection
	GlobalSection(NestedProjects) = preSolution
		{05F7378E-28A0-45F5-84E6-8422DFADEA63} = {A2FC3907-9DA2-43FE-ACE5-FCB8DE47A56A}
		{ED187710-C34E-45CA-B912-65E3AF4C12BB} = {F43A37B0-A143-47B9-ABB3-0736BD380918}
		{EDD40B83-64D5-4BD2-AE07-8FCCA9551245} = {62271010-F552-47F1-8A41-B27258570F46}
		{7F5AB997-A793-4B2C-A332-D6F30B1958A4} = {62271010-F552-47F1-8A41-B27258570F46}
		{BC705506-301E-4149-939C-7807FAC5F16F} = {62271010-F552-47F1-8A41-B27258570F46}
		{8AA20D39-5521-4A97-8BE7-E633A793E775} = {FF08D4B4-552D-48DB-A7C0-F2915D8C8DDC}
		{53AD429F-5025-4122-8638-EF5EB757982B} = {FF08D4B4-552D-48DB-A7C0-F2915D8C8DDC}
		{95217DAA-BA57-4043-815E-93AE2DD3154C} = {FF08D4B4-552D-48DB-A7C0-F2915D8C8DDC}
		{2AE85A7A-7314-4EBA-9B9E-FA2FD736FFFF} = {25FA3B7B-2AAB-4514-A64D-37675DFD0D1E}
		{065E477C-9A88-4870-A3A0-61854DC67730} = {25FA3B7B-2AAB-4514-A64D-37675DFD0D1E}
		{AC68AEAF-7793-4DDA-902C-CBCFB41775A3} = {25FA3B7B-2AAB-4514-A64D-37675DFD0D1E}
		{913DDEF6-BF74-42B9-8EE1-B61019A625D7} = {C714C6CF-F3F8-4727-AB3C-C1BEDCC7E160}
		{0471B79A-4A78-4335-BE67-9383C4E95853} = {C714C6CF-F3F8-4727-AB3C-C1BEDCC7E160}
		{4C9E686E-10AD-4404-BE69-C3D098C36DE9} = {C714C6CF-F3F8-4727-AB3C-C1BEDCC7E160}
		{9C3CD739-FF04-4188-904B-694F171C6C3D} = {12EC73E0-BCD4-4396-9B9F-3B017866F00F}
		{EF69B8A4-F6F8-4CD2-8D67-4BC750F2C234} = {12EC73E0-BCD4-4396-9B9F-3B017866F00F}
		{E0341AF8-5E78-4656-93DE-FB678FD2534F} = {12EC73E0-BCD4-4396-9B9F-3B017866F00F}
		{A2981EF4-F00A-4D34-852B-06293D8FC65E} = {0916FEEF-710A-44DA-800D-E6AAB0C87968}
		{EB031020-578C-4082-AB57-911CB9D3AAE5} = {0916FEEF-710A-44DA-800D-E6AAB0C87968}
		{C618E817-7E71-4331-8662-5508A93CE6D5} = {0916FEEF-710A-44DA-800D-E6AAB0C87968}
	EndGlobalSection
	GlobalSection(ExtensibilityGlobals) = postSolution
		SolutionGuid = {3E2F1B45-D789-44B9-8775-9BAD6EA162DE}
	EndGlobalSection
EndGlobal
